
Microsoft Visual Studio Solution File, Format Version 12.00
# Visual Studio Version 17
VisualStudioVersion = 17.5.33424.131
MinimumVisualStudioVersion = 10.0.40219.1
Project("{FAE04EC0-301F-11D3-BF4B-00C04F79EFBC}") = "RouteMap", "RouteMap\RouteMap.csproj", "{D2BB8876-D92F-4337-A2E7-A5713C43D408}"
EndProject
Global
	GlobalSection(SolutionConfigurationPlatforms) = preSolution
		Debug|Any CPU = Debug|Any CPU
		Release|Any CPU = Release|Any CPU
	EndGlobalSection
	GlobalSection(ProjectConfigurationPlatforms) = postSolution
		{D2BB8876-D92F-4337-A2E7-A5713C43D408}.Debug|Any CPU.ActiveCfg = Debug|Any CPU
		{D2BB8876-D92F-4337-A2E7-A5713C43D408}.Debug|Any CPU.Build.0 = Debug|Any CPU
		{D2BB8876-D92F-4337-A2E7-A5713C43D408}.Release|Any CPU.ActiveCfg = Release|Any CPU
		{D2BB8876-D92F-4337-A2E7-A5713C43D408}.Release|Any CPU.Build.0 = Release|Any CPU
	EndGlobalSection
	GlobalSection(SolutionProperties) = preSolution
		HideSolutionNode = FALSE
	EndGlobalSection
	GlobalSection(ExtensibilityGlobals) = postSolution
		SolutionGuid = {C334FCFE-EC0F-4344-8DA8-C03156C1415D}
	EndGlobalSection
EndGlobal
